
Microsoft Visual Studio Solution File, Format Version 12.00
# Visual Studio Version 16
VisualStudioVersion = 16.0.30002.166
MinimumVisualStudioVersion = 10.0.40219.1
Project("{FAE04EC0-301F-11D3-BF4B-00C04F79EFBC}") = "WebApplication", "WebApplication\WebApplication.csproj", "{523AE53D-B2D1-4497-8D60-36A9E7564BC8}"
EndProject
Project("{FAE04EC0-301F-11D3-BF4B-00C04F79EFBC}") = "WebApplication.Tests", "WebApplication.Tests\WebApplication.Tests.csproj", "{7C21CDB4-3111-42FF-8A96-AA9F0FDFF9C2}"
EndProject
Global
	GlobalSection(SolutionConfigurationPlatforms) = preSolution
		Debug|Any CPU = Debug|Any CPU
		Release|Any CPU = Release|Any CPU
	EndGlobalSection
	GlobalSection(ProjectConfigurationPlatforms) = postSolution
		{523AE53D-B2D1-4497-8D60-36A9E7564BC8}.Debug|Any CPU.ActiveCfg = Debug|Any CPU
		{523AE53D-B2D1-4497-8D60-36A9E7564BC8}.Debug|Any CPU.Build.0 = Debug|Any CPU
		{523AE53D-B2D1-4497-8D60-36A9E7564BC8}.Release|Any CPU.ActiveCfg = Release|Any CPU
		{523AE53D-B2D1-4497-8D60-36A9E7564BC8}.Release|Any CPU.Build.0 = Release|Any CPU
		{7C21CDB4-3111-42FF-8A96-AA9F0FDFF9C2}.Debug|Any CPU.ActiveCfg = Debug|Any CPU
		{7C21CDB4-3111-42FF-8A96-AA9F0FDFF9C2}.Debug|Any CPU.Build.0 = Debug|Any CPU
		{7C21CDB4-3111-42FF-8A96-AA9F0FDFF9C2}.Release|Any CPU.ActiveCfg = Release|Any CPU
		{7C21CDB4-3111-42FF-8A96-AA9F0FDFF9C2}.Release|Any CPU.Build.0 = Release|Any CPU
	EndGlobalSection
	GlobalSection(SolutionProperties) = preSolution
		HideSolutionNode = FALSE
	EndGlobalSection
	GlobalSection(ExtensibilityGlobals) = postSolution
		SolutionGuid = {724DE058-73A8-48E0-A415-C1FCB31B9D32}
	EndGlobalSection
EndGlobal
